<?xml version="1.0" encoding="utf-8"?>
<Project ToolsVersion="4.0" xmlns="http://schemas.microsoft.com/developer/msbuild/2003">
  <ItemGroup>
    <Filter Include="Resource Files">
      <UniqueIdentifier>{67DA6AB6-F800-4c08-8B7A-83BB121AAD01}</UniqueIdentifier>
      <Extensions>qrc;rc;ico;cur;bmp;dlg;rc2;rct;bin;rgs;gif;jpg;jpeg;jpe;resx;tiff;tif;png;wav;mfcribbon-ms</Extensions>
    </Filter>
    <Filter Include="Translation Files">
      <UniqueIdentifier>{639EADAA-A684-42e4-A9AD-28FC9BCB8F7C}</UniqueIdentifier>
      <Extensions>ts</Extensions>
    </Filter>
    <Filter Include="View">
      <UniqueIdentifier>{99349809-55BA-4b9d-BF79-8FDBB0286EB3}</UniqueIdentifier>
      <Extensions>ui</Extensions>
    </Filter>
    <Filter Include="View\Header Files">
      <UniqueIdentifier>{6571d39e-973b-4bad-b53e-aded74c0327d}</UniqueIdentifier>
    </Filter>
    <Filter Include="View\Form Files">
      <UniqueIdentifier>{6312c95e-20b7-4149-b002-93d292365a10}</UniqueIdentifier>
    </Filter>
    <Filter Include="View\Source Files">
      <UniqueIdentifier>{93f898ce-e69a-49fe-abb0-31000983fdb2}</UniqueIdentifier>
    </Filter>
    <Filter Include="Controller">
      <UniqueIdentifier>{ad29448e-2c1a-4f4c-8166-1428dcff8c00}</UniqueIdentifier>
    </Filter>
    <Filter Include="Controller\Header Files">
      <UniqueIdentifier>{7c2a9e21-809d-4ff3-b2cf-2fb3dbc2eb4a}</UniqueIdentifier>
    </Filter>
    <Filter Include="Controller\Source FIles">
      <UniqueIdentifier>{5f080766-12e3-4d76-9cc7-c5a398b339b5}</UniqueIdentifier>
    </Filter>
    <Filter Include="Model">
      <UniqueIdentifier>{a180fd36-24c7-4436-8d9e-d80c3e5d4d08}</UniqueIdentifier>
    </Filter>
    <Filter Include="Model\Header Files">
      <UniqueIdentifier>{05c96778-f1a1-4f9c-a096-8d9c38f40d24}</UniqueIdentifier>
    </Filter>
    <Filter Include="Model\Source Files">
      <UniqueIdentifier>{381bb627-04ec-442b-a44c-2bb2fccccd3a}</UniqueIdentifier>
    </Filter>
    <Filter Include="Model\Entities">
      <UniqueIdentifier>{0c50fa7d-893d-4979-a67c-067728eeeda4}</UniqueIdentifier>
    </Filter>
    <Filter Include="Model\Entities\Header Files">
      <UniqueIdentifier>{99ca05a2-0e13-41c2-932e-60a36732b497}</UniqueIdentifier>
    </Filter>
    <Filter Include="Model\Entities\Source Files">
      <UniqueIdentifier>{87311034-5d39-41f9-be91-e9296e1538be}</UniqueIdentifier>
    </Filter>
    <Filter Include="Model\Resource Files">
      <UniqueIdentifier>{b4f43c69-a858-4c83-8639-bdb5a0d188c7}</UniqueIdentifier>
    </Filter>
    <Filter Include="Model\Helpers">
      <UniqueIdentifier>{33d799c7-552a-4098-bb5d-812f0bb2388a}</UniqueIdentifier>
    </Filter>
    <Filter Include="Model\Helpers\Header Files">
      <UniqueIdentifier>{c9b715b5-db88-4729-9db1-7fa3f6a87f4f}</UniqueIdentifier>
    </Filter>
    <Filter Include="Model\Helpers\Source Files">
      <UniqueIdentifier>{c1a7b33b-2681-4009-af2c-d9091ad5620e}</UniqueIdentifier>
    </Filter>
    <Filter Include="Controller\Entities">
      <UniqueIdentifier>{9498c5bc-4294-4f29-8e5f-ab9609987c0c}</UniqueIdentifier>
    </Filter>
    <Filter Include="Controller\Entities\Header Files">
      <UniqueIdentifier>{50485352-55af-4af0-9713-1e9fb316813e}</UniqueIdentifier>
    </Filter>
    <Filter Include="Controller\Entities\Source Files">
      <UniqueIdentifier>{d1253be2-86a6-4e49-892e-88f6bf1bb793}</UniqueIdentifier>
    </Filter>
  </ItemGroup>
  <ItemGroup>
    <QtRcc Include="FFSDatabaseInterface.qrc">
      <Filter>Resource Files</Filter>
    </QtRcc>
  </ItemGroup>
  <ItemGroup>
    <ClCompile Include="AboutForm.cpp">
      <Filter>View\Source Files</Filter>
    </ClCompile>
    <ClCompile Include="FFSDatabaseInterface.cpp">
      <Filter>View\Source Files</Filter>
    </ClCompile>
    <ClCompile Include="FFSDatabaseInterfaceFormController.cpp">
      <Filter>Controller\Source FIles</Filter>
    </ClCompile>
    <ClCompile Include="DbContext.cpp">
      <Filter>Model\Entities\Source Files</Filter>
    </ClCompile>
    <ClCompile Include="FFSDatabaseInterfaceService.cpp">
      <Filter>Model\Source Files</Filter>
    </ClCompile>
    <ClCompile Include="DbImporter.cpp">
      <Filter>Model\Entities\Source Files</Filter>
    </ClCompile>
    <ClCompile Include="RawDataParser.cpp">
      <Filter>Model\Entities\Source Files</Filter>
    </ClCompile>
    <ClCompile Include="MeasurementContext.cpp">
      <Filter>Model\Entities\Source Files</Filter>
    </ClCompile>
    <ClCompile Include="MeasurementParameterContext.cpp">
      <Filter>Model\Entities\Source Files</Filter>
    </ClCompile>
    <ClCompile Include="SampleContext.cpp">
      <Filter>Model\Entities\Source Files</Filter>
    </ClCompile>
    <ClCompile Include="EquipmentContext.cpp">
      <Filter>Model\Entities\Source Files</Filter>
    </ClCompile>
    <ClCompile Include="EquipmentParameterContext.cpp">
      <Filter>Model\Entities\Source Files</Filter>
    </ClCompile>
    <ClCompile Include="CharacteristicsContext.cpp">
      <Filter>Model\Entities\Source Files</Filter>
    </ClCompile>
    <ClCompile Include="CharacteristicTypeContext.cpp">
      <Filter>Model\Entities\Source Files</Filter>
    </ClCompile>
    <ClCompile Include="BindingContext.cpp">
      <Filter>Model\Entities\Source Files</Filter>
    </ClCompile>
    <ClCompile Include="TextFileInteractionHelper.cpp">
      <Filter>Model\Helpers\Source Files</Filter>
    </ClCompile>
    <ClCompile Include="DbConnection.cpp">
      <Filter>Model\Entities\Source Files</Filter>
    </ClCompile>
    <ClCompile Include="TableContext.cpp">
      <Filter>Model\Entities\Source Files</Filter>
    </ClCompile>
    <ClCompile Include="ParameterTableContext.cpp">
      <Filter>Model\Entities\Source Files</Filter>
    </ClCompile>
    <ClCompile Include="EntryPoint.cpp" />
    <ClCompile Include="MeasuringSystemContext.cpp">
      <Filter>Model\Entities\Source Files</Filter>
    </ClCompile>
    <ClCompile Include="DbEditor.cpp">
      <Filter>Model\Entities\Source Files</Filter>
    </ClCompile>
    <ClCompile Include="IdFileManager.cpp">
      <Filter>Model\Entities\Source Files</Filter>
    </ClCompile>
    <ClCompile Include="FFSTableModel.cpp">
      <Filter>View\Source Files</Filter>
    </ClCompile>
    <ClCompile Include="BaseAddForm.cpp">
      <Filter>View\Source Files</Filter>
    </ClCompile>
    <ClCompile Include="MeasuringSystemAddForm.cpp">
      <Filter>View\Source Files</Filter>
    </ClCompile>
    <ClCompile Include="EquipmentAddForm.cpp">
      <Filter>View\Source Files</Filter>
    </ClCompile>
    <ClCompile Include="EquipmentAddFormController.cpp">
      <Filter>Controller\Source FIles</Filter>
    </ClCompile>
    <ClCompile Include="EquipmentAddService.cpp">
      <Filter>Model\Source Files</Filter>
    </ClCompile>
    <ClCompile Include="SampleAddForm.cpp">
      <Filter>View\Source Files</Filter>
    </ClCompile>
    <ClCompile Include="SampleAddFormController.cpp">
      <Filter>Controller\Source FIles</Filter>
    </ClCompile>
    <ClCompile Include="SampleAddService.cpp">
      <Filter>Model\Source Files</Filter>
    </ClCompile>
    <ClCompile Include="CharacteristicTypeAddForm.cpp">
      <Filter>View\Source Files</Filter>
    </ClCompile>
    <ClCompile Include="CharacteristicTypeAddFormController.cpp">
      <Filter>Controller\Source FIles</Filter>
    </ClCompile>
    <ClCompile Include="CharacteristicTypeAddService.cpp">
      <Filter>Model\Source Files</Filter>
    </ClCompile>
    <ClCompile Include="MeasurementAddForm.cpp">
      <Filter>View\Source Files</Filter>
    </ClCompile>
    <ClCompile Include="MeasurementAddFormController.cpp">
      <Filter>Controller\Source FIles</Filter>
    </ClCompile>
    <ClCompile Include="MeasurementAddService.cpp">
      <Filter>Model\Source Files</Filter>
    </ClCompile>
    <ClCompile Include="CharacteristicAddForm.cpp">
      <Filter>View\Source Files</Filter>
    </ClCompile>
    <ClCompile Include="BaseDependentAddForm.cpp">
      <Filter>View\Source Files</Filter>
    </ClCompile>
    <ClCompile Include="CharacteristicAddFormController.cpp">
      <Filter>Controller\Source FIles</Filter>
    </ClCompile>
    <ClCompile Include="CharacteristicAddService.cpp">
      <Filter>Model\Source Files</Filter>
    </ClCompile>
    <ClCompile Include="TableWriter.cpp">
      <Filter>Controller\Entities\Source Files</Filter>
    </ClCompile>
    <ClCompile Include="WindowManager.cpp">
      <Filter>Controller\Entities\Source Files</Filter>
    </ClCompile>
    <ClCompile Include="TableFillRequestController.cpp">
      <Filter>Controller\Source FIles</Filter>
    </ClCompile>
    <ClCompile Include="ParameterAddForm.cpp">
      <Filter>View\Source Files</Filter>
    </ClCompile>
    <ClCompile Include="ParameterAddFormController.cpp">
      <Filter>Controller\Source FIles</Filter>
    </ClCompile>
    <ClCompile Include="ParameterAddService.cpp">
      <Filter>Model\Source Files</Filter>
    </ClCompile>
    <ClCompile Include="MeasuringSystemAddFormController.cpp">
      <Filter>Controller\Source FIles</Filter>
    </ClCompile>
    <ClCompile Include="MeasuringSystemAddService.cpp">
      <Filter>Model\Source Files</Filter>
    </ClCompile>
    <ClCompile Include="qcustomplot.cpp">
      <Filter>Resource Files</Filter>
    </ClCompile>
    <ClCompile Include="CharacteristicPreviewForm.cpp">
      <Filter>View\Source Files</Filter>
    </ClCompile>
  </ItemGroup>
  <ItemGroup>
    <QtUic Include="FFSDatabaseInterface.ui">
      <Filter>View\Form Files</Filter>
    </QtUic>
    <QtUic Include="AboutForm.ui">
      <Filter>View\Form Files</Filter>
    </QtUic>
    <QtUic Include="MeasuringSystemAddForm.ui">
      <Filter>View\Form Files</Filter>
    </QtUic>
    <QtUic Include="EquipmentAddForm.ui">
      <Filter>View\Form Files</Filter>
    </QtUic>
    <QtUic Include="SampleAddForm.ui">
      <Filter>View\Form Files</Filter>
    </QtUic>
    <QtUic Include="CharacteristicTypeAddForm.ui">
      <Filter>View\Form Files</Filter>
    </QtUic>
    <QtUic Include="MeasurementAddForm.ui">
      <Filter>View\Form Files</Filter>
    </QtUic>
    <QtUic Include="CharacteristicAddForm.ui">
      <Filter>View\Form Files</Filter>
    </QtUic>
    <QtUic Include="ParameterAddForm.ui">
      <Filter>View\Form Files</Filter>
    </QtUic>
    <QtUic Include="CharacteristicPreviewForm.ui">
      <Filter>View\Form Files</Filter>
    </QtUic>
  </ItemGroup>
  <ItemGroup>
    <QtMoc Include="AboutForm.h">
      <Filter>View\Header Files</Filter>
    </QtMoc>
    <QtMoc Include="FFSDatabaseInterface.h">
      <Filter>View\Header Files</Filter>
    </QtMoc>
    <QtMoc Include="BaseAddForm.h">
      <Filter>View\Header Files</Filter>
    </QtMoc>
    <QtMoc Include="MeasuringSystemAddForm.h">
      <Filter>View\Header Files</Filter>
    </QtMoc>
    <QtMoc Include="EquipmentAddForm.h">
      <Filter>View\Header Files</Filter>
    </QtMoc>
    <QtMoc Include="SampleAddForm.h">
      <Filter>View\Header Files</Filter>
    </QtMoc>
    <QtMoc Include="CharacteristicTypeAddForm.h">
      <Filter>View\Header Files</Filter>
    </QtMoc>
    <QtMoc Include="MeasurementAddForm.h">
      <Filter>View\Header Files</Filter>
    </QtMoc>
    <QtMoc Include="BaseDependentAddForm.h">
      <Filter>View\Header Files</Filter>
    </QtMoc>
    <QtMoc Include="CharacteristicAddForm.h">
      <Filter>View\Header Files</Filter>
    </QtMoc>
    <QtMoc Include="ParameterAddForm.h">
      <Filter>View\Header Files</Filter>
    </QtMoc>
    <QtMoc Include="qcustomplot.h">
      <Filter>Resource Files</Filter>
    </QtMoc>
    <QtMoc Include="CharacteristicPreviewForm.h">
      <Filter>View\Header Files</Filter>
    </QtMoc>
  </ItemGroup>
  <ItemGroup>
    <ClInclude Include="FFSDatabaseInterfaceFormController.h">
      <Filter>Controller\Header Files</Filter>
    </ClInclude>
    <ClInclude Include="DbContext.h">
      <Filter>Model\Entities\Header Files</Filter>
    </ClInclude>
    <ClInclude Include="FFSDatabaseInterfaceService.h">
      <Filter>Model\Header Files</Filter>
    </ClInclude>
    <ClInclude Include="DbImporter.h">
      <Filter>Model\Entities\Header Files</Filter>
    </ClInclude>
    <ClInclude Include="RawDataParser.h">
      <Filter>Model\Entities\Header Files</Filter>
    </ClInclude>
    <ClInclude Include="MeasurementContext.h">
      <Filter>Model\Entities\Header Files</Filter>
    </ClInclude>
    <ClInclude Include="MeasurementParameterContext.h">
      <Filter>Model\Entities\Header Files</Filter>
    </ClInclude>
    <ClInclude Include="SampleContext.h">
      <Filter>Model\Entities\Header Files</Filter>
    </ClInclude>
    <ClInclude Include="EquipmentContext.h">
      <Filter>Model\Entities\Header Files</Filter>
    </ClInclude>
    <ClInclude Include="EquipmentParameterContext.h">
      <Filter>Model\Entities\Header Files</Filter>
    </ClInclude>
    <ClInclude Include="CharacteristicsContext.h">
      <Filter>Model\Entities\Header Files</Filter>
    </ClInclude>
    <ClInclude Include="CharacteristicTypeContext.h">
      <Filter>Model\Entities\Header Files</Filter>
    </ClInclude>
    <ClInclude Include="BindingContext.h">
      <Filter>Model\Entities\Header Files</Filter>
    </ClInclude>
    <ClInclude Include="TextFileInteractionHelper.h">
      <Filter>Model\Helpers\Header Files</Filter>
    </ClInclude>
    <ClInclude Include="DbConnection.h">
      <Filter>Model\Entities\Header Files</Filter>
    </ClInclude>
    <ClInclude Include="TableContext.h">
      <Filter>Model\Entities\Header Files</Filter>
    </ClInclude>
    <ClInclude Include="ParameterTableContext.h">
      <Filter>Model\Entities\Header Files</Filter>
    </ClInclude>
    <ClInclude Include="MeasuringSystemContext.h">
      <Filter>Model\Entities\Header Files</Filter>
    </ClInclude>
    <ClInclude Include="DbEditor.h">
      <Filter>Model\Entities\Header Files</Filter>
    </ClInclude>
    <ClInclude Include="IdFileManager.h">
      <Filter>Model\Entities\Header Files</Filter>
    </ClInclude>
    <ClInclude Include="NamesHelper.h">
      <Filter>Model\Helpers\Header Files</Filter>
    </ClInclude>
    <ClInclude Include="FFSTableModel.h">
      <Filter>View\Header Files</Filter>
    </ClInclude>
    <ClInclude Include="EquipmentAddFormController.h">
      <Filter>Controller\Header Files</Filter>
    </ClInclude>
    <ClInclude Include="EquipmentAddService.h">
      <Filter>Model\Header Files</Filter>
    </ClInclude>
    <ClInclude Include="SampleAddFormController.h">
      <Filter>Controller\Header Files</Filter>
    </ClInclude>
    <ClInclude Include="SampleAddService.h">
      <Filter>Model\Header Files</Filter>
    </ClInclude>
    <ClInclude Include="CharacteristicTypeAddFormController.h">
      <Filter>Controller\Header Files</Filter>
    </ClInclude>
    <ClInclude Include="CharacteristicTypeAddService.h">
      <Filter>Model\Header Files</Filter>
    </ClInclude>
    <ClInclude Include="MeasurementAddFormController.h">
      <Filter>Controller\Header Files</Filter>
    </ClInclude>
    <ClInclude Include="MeasurementAddService.h">
      <Filter>Model\Header Files</Filter>
    </ClInclude>
    <ClInclude Include="CharacteristicAddFormController.h">
      <Filter>Controller\Header Files</Filter>
    </ClInclude>
    <ClInclude Include="CharacteristicAddService.h">
      <Filter>Model\Header Files</Filter>
    </ClInclude>
    <ClInclude Include="TableWriter.h">
      <Filter>Controller\Entities\Header Files</Filter>
    </ClInclude>
    <ClInclude Include="WindowManager.h">
      <Filter>Controller\Entities\Header Files</Filter>
    </ClInclude>
    <ClInclude Include="TableFillRequestController.h">
      <Filter>Controller\Header Files</Filter>
    </ClInclude>
    <ClInclude Include="ParameterAddFormController.h">
      <Filter>Controller\Header Files</Filter>
    </ClInclude>
    <ClInclude Include="ParameterAddService.h">
      <Filter>Model\Header Files</Filter>
    </ClInclude>
    <ClInclude Include="MeasuringSystemAddFormController.h">
      <Filter>Controller\Header Files</Filter>
    </ClInclude>
    <ClInclude Include="MeasuringSystemAddService.h">
      <Filter>Model\Header Files</Filter>
    </ClInclude>
  </ItemGroup>
  <ItemGroup>
    <Text Include="measurementstate.txt">
      <Filter>Model\Resource Files</Filter>
    </Text>
    <Text Include="measurementparameterstate.txt">
      <Filter>Model\Resource Files</Filter>
    </Text>
    <Text Include="equipmentstate.txt">
      <Filter>Model\Resource Files</Filter>
    </Text>
    <Text Include="equipmentparameterstate.txt">
      <Filter>Model\Resource Files</Filter>
    </Text>
    <Text Include="samplestate.txt">
      <Filter>Model\Resource Files</Filter>
    </Text>
    <Text Include="characteristicstate.txt">
      <Filter>Model\Resource Files</Filter>
    </Text>
    <Text Include="characteristictypestate.txt">
      <Filter>Model\Resource Files</Filter>
    </Text>
    <Text Include="measuringsystemstate.txt">
      <Filter>Model\Resource Files</Filter>
    </Text>
  </ItemGroup>
</Project>