
Microsoft Visual Studio Solution File, Format Version 12.00
# Visual Studio Version 16
VisualStudioVersion = 16.0.31702.278
MinimumVisualStudioVersion = 10.0.40219.1
Project("{8BC9CEB8-8B4A-11D0-8D11-00A0C91BC942}") = "FFSDatabaseInterface", "FFSDatabaseInterface\FFSDatabaseInterface.vcxproj", "{A66EB316-5322-4E6B-9582-0D39F5AE83B7}"
EndProject
Global
	GlobalSection(SolutionConfigurationPlatforms) = preSolution
		Debug|x64 = Debug|x64
		Release|x64 = Release|x64
	EndGlobalSection
	GlobalSection(ProjectConfigurationPlatforms) = postSolution
		{A66EB316-5322-4E6B-9582-0D39F5AE83B7}.Debug|x64.ActiveCfg = Debug|x64
		{A66EB316-5322-4E6B-9582-0D39F5AE83B7}.Debug|x64.Build.0 = Debug|x64
		{A66EB316-5322-4E6B-9582-0D39F5AE83B7}.Release|x64.ActiveCfg = Release|x64
		{A66EB316-5322-4E6B-9582-0D39F5AE83B7}.Release|x64.Build.0 = Release|x64
	EndGlobalSection
	GlobalSection(SolutionProperties) = preSolution
		HideSolutionNode = FALSE
	EndGlobalSection
	GlobalSection(ExtensibilityGlobals) = postSolution
		SolutionGuid = {DCE7FE70-1784-487D-9C3B-66B4CB08AA4A}
	EndGlobalSection
EndGlobal
